// !$*UTF8*$!
{
	archiveVersion = 1;
	classes = {
	};
	objectVersion = 46;
	objects = {

/* Begin PBXBuildFile section */
		2DBA44F2194146FB00F73B66 /* Foundation.framework in Frameworks */ = {isa = PBXBuildFile; fileRef = 2DBA44F1194146FB00F73B66 /* Foundation.framework */; };
		2DBA44F4194146FB00F73B66 /* CoreGraphics.framework in Frameworks */ = {isa = PBXBuildFile; fileRef = 2DBA44F3194146FB00F73B66 /* CoreGraphics.framework */; };
		2DBA44F6194146FB00F73B66 /* UIKit.framework in Frameworks */ = {isa = PBXBuildFile; fileRef = 2DBA44F5194146FB00F73B66 /* UIKit.framework */; };
		2DBA44FC194146FB00F73B66 /* InfoPlist.strings in Resources */ = {isa = PBXBuildFile; fileRef = 2DBA44FA194146FB00F73B66 /* InfoPlist.strings */; };
		2DBA44FE194146FB00F73B66 /* main.m in Sources */ = {isa = PBXBuildFile; fileRef = 2DBA44FD194146FB00F73B66 /* main.m */; };
		2DBA4502194146FB00F73B66 /* JDAppDelegate.m in Sources */ = {isa = PBXBuildFile; fileRef = 2DBA4501194146FB00F73B66 /* JDAppDelegate.m */; };
		2DBA4504194146FB00F73B66 /* Images.xcassets in Resources */ = {isa = PBXBuildFile; fileRef = 2DBA4503194146FB00F73B66 /* Images.xcassets */; };
		2DBA450B194146FB00F73B66 /* XCTest.framework in Frameworks */ = {isa = PBXBuildFile; fileRef = 2DBA450A194146FB00F73B66 /* XCTest.framework */; };
		2DBA450C194146FB00F73B66 /* Foundation.framework in Frameworks */ = {isa = PBXBuildFile; fileRef = 2DBA44F1194146FB00F73B66 /* Foundation.framework */; };
		2DBA450D194146FC00F73B66 /* UIKit.framework in Frameworks */ = {isa = PBXBuildFile; fileRef = 2DBA44F5194146FB00F73B66 /* UIKit.framework */; };
		2DBA4515194146FC00F73B66 /* InfoPlist.strings in Resources */ = {isa = PBXBuildFile; fileRef = 2DBA4513194146FC00F73B66 /* InfoPlist.strings */; };
		2DBA4517194146FC00F73B66 /* HXLTests.m in Sources */ = {isa = PBXBuildFile; fileRef = 2DBA4516194146FC00F73B66 /* HXLTests.m */; };
		4E1C2A20F6DE45608B9C1D90 /* libPods.a in Frameworks */ = {isa = PBXBuildFile; fileRef = B4428FFB5D7F48E198537D5A /* libPods.a */; };
		A71203491946954A004CFC3D /* JDDishModel.m in Sources */ = {isa = PBXBuildFile; fileRef = A71203481946954A004CFC3D /* JDDishModel.m */; };
		A712034C1946A9EB004CFC3D /* JDMenuController.m in Sources */ = {isa = PBXBuildFile; fileRef = A712034B1946A9EB004CFC3D /* JDMenuController.m */; };
		A71D28571948043200DE1B3F /* menu_submit_bg.png in Resources */ = {isa = PBXBuildFile; fileRef = A71D28561948043200DE1B3F /* menu_submit_bg.png */; };
		A7228F0319512AE0007AF87C /* dish_taste_bg.png in Resources */ = {isa = PBXBuildFile; fileRef = A7228F0119512AE0007AF87C /* dish_taste_bg.png */; };
		A7228F0419512AE0007AF87C /* dish_tuijian.png in Resources */ = {isa = PBXBuildFile; fileRef = A7228F0219512AE0007AF87C /* dish_tuijian.png */; };
		A7228F0719512C31007AF87C /* dish_eat.png in Resources */ = {isa = PBXBuildFile; fileRef = A7228F0519512C31007AF87C /* dish_eat.png */; };
		A7228F0819512C31007AF87C /* dish_like.png in Resources */ = {isa = PBXBuildFile; fileRef = A7228F0619512C31007AF87C /* dish_like.png */; };
		A72636CC1959572100BD3E72 /* JDDishDetailView.m in Sources */ = {isa = PBXBuildFile; fileRef = A72636CB1959572100BD3E72 /* JDDishDetailView.m */; };
		A72636CE19595F3500BD3E72 /* dish_detail_close_btn.png in Resources */ = {isa = PBXBuildFile; fileRef = A72636CD19595F3500BD3E72 /* dish_detail_close_btn.png */; };
		A72636D01959731F00BD3E72 /* dish_detail_devider.png in Resources */ = {isa = PBXBuildFile; fileRef = A72636CF1959731F00BD3E72 /* dish_detail_devider.png */; };
		A744AEE7194832E800C092BB /* menu_orderby_devider.png in Resources */ = {isa = PBXBuildFile; fileRef = A744AEE5194832E800C092BB /* menu_orderby_devider.png */; };
		A744AEE8194832E800C092BB /* menu_orderby.png in Resources */ = {isa = PBXBuildFile; fileRef = A744AEE6194832E800C092BB /* menu_orderby.png */; };
		A744AEEA1948424A00C092BB /* dishtype_item_bg.png in Resources */ = {isa = PBXBuildFile; fileRef = A744AEE91948424A00C092BB /* dishtype_item_bg.png */; };
		A758E68119519B9000374F8F /* JDDishTypeView.m in Sources */ = {isa = PBXBuildFile; fileRef = A758E68019519B9000374F8F /* JDDishTypeView.m */; };
		A7597F0219542534006DB4BA /* dish_add1.png in Resources */ = {isa = PBXBuildFile; fileRef = A7597EFF19542534006DB4BA /* dish_add1.png */; };
		A7597F0319542534006DB4BA /* dish_edt_bg1.png in Resources */ = {isa = PBXBuildFile; fileRef = A7597F0019542534006DB4BA /* dish_edt_bg1.png */; };
		A7597F0419542534006DB4BA /* dish_sub1.png in Resources */ = {isa = PBXBuildFile; fileRef = A7597F0119542534006DB4BA /* dish_sub1.png */; };
		A75BC752194AD6920052CD3E /* JDOArrayModel.m in Sources */ = {isa = PBXBuildFile; fileRef = A75BC74F194AD6920052CD3E /* JDOArrayModel.m */; };
		A75BC753194AD6920052CD3E /* JDODataModel.m in Sources */ = {isa = PBXBuildFile; fileRef = A75BC751194AD6920052CD3E /* JDODataModel.m */; };
		A75BC756194AD97C0052CD3E /* JDDishTypeModel.m in Sources */ = {isa = PBXBuildFile; fileRef = A75BC755194AD97C0052CD3E /* JDDishTypeModel.m */; };
		A76211301957C5AE0037C7E3 /* JDGestureRecognizer.m in Sources */ = {isa = PBXBuildFile; fileRef = A762112F1957C5AE0037C7E3 /* JDGestureRecognizer.m */; };
		A79969F1194FD8D1003D7DE7 /* dishtype_ordernumber_bg.png in Resources */ = {isa = PBXBuildFile; fileRef = A79969EF194FD8D1003D7DE7 /* dishtype_ordernumber_bg.png */; };
		A79969F2194FD8D1003D7DE7 /* dishtype_ordernumber_bg2.png in Resources */ = {isa = PBXBuildFile; fileRef = A79969F0194FD8D1003D7DE7 /* dishtype_ordernumber_bg2.png */; };
		A79969F5194FE7CA003D7DE7 /* JDMenuItemView.m in Sources */ = {isa = PBXBuildFile; fileRef = A79969F4194FE7CA003D7DE7 /* JDMenuItemView.m */; };
		D80A7ECC194551240008E7CF /* Default-568h@2x.png in Resources */ = {isa = PBXBuildFile; fileRef = D80A7ECA194551240008E7CF /* Default-568h@2x.png */; };
		D80A7ECD194551240008E7CF /* Default@2x.png in Resources */ = {isa = PBXBuildFile; fileRef = D80A7ECB194551240008E7CF /* Default@2x.png */; };
		D80A7ED11945552E0008E7CF /* icon-120@2x.png in Resources */ = {isa = PBXBuildFile; fileRef = D80A7ECE1945552E0008E7CF /* icon-120@2x.png */; };
		D80A7ED21945552E0008E7CF /* icon.png in Resources */ = {isa = PBXBuildFile; fileRef = D80A7ECF1945552E0008E7CF /* icon.png */; };
		D80A7ED31945552E0008E7CF /* icon@2x.png in Resources */ = {isa = PBXBuildFile; fileRef = D80A7ED01945552E0008E7CF /* icon@2x.png */; };
		D80A7ED51945559A0008E7CF /* Default.png in Resources */ = {isa = PBXBuildFile; fileRef = D80A7ED41945559A0008E7CF /* Default.png */; };
		D80A7ED719455A820008E7CF /* navigation_bg@2x.png in Resources */ = {isa = PBXBuildFile; fileRef = D80A7ED619455A820008E7CF /* navigation_bg@2x.png */; };
		D80A7EDE19455C330008E7CF /* address_icon@2x.png in Resources */ = {isa = PBXBuildFile; fileRef = D80A7ED819455C330008E7CF /* address_icon@2x.png */; };
		D80A7EE019455C330008E7CF /* people_bg@2x.png in Resources */ = {isa = PBXBuildFile; fileRef = D80A7EDA19455C330008E7CF /* people_bg@2x.png */; };
		D80A7EE119455C330008E7CF /* setting_btn_bg@2x.png in Resources */ = {isa = PBXBuildFile; fileRef = D80A7EDB19455C330008E7CF /* setting_btn_bg@2x.png */; };
		D80A7EE219455C330008E7CF /* telephone_icon@2x.png in Resources */ = {isa = PBXBuildFile; fileRef = D80A7EDC19455C330008E7CF /* telephone_icon@2x.png */; };
		D80A7EE319455C330008E7CF /* user_btn_bg@2x.png in Resources */ = {isa = PBXBuildFile; fileRef = D80A7EDD19455C330008E7CF /* user_btn_bg@2x.png */; };
		D80A7EE519455E4F0008E7CF /* main_title@2x.png in Resources */ = {isa = PBXBuildFile; fileRef = D80A7EE419455E4F0008E7CF /* main_title@2x.png */; };
		D80A7EE819455EA60008E7CF /* JDSettingsViewController.m in Sources */ = {isa = PBXBuildFile; fileRef = D80A7EE719455EA60008E7CF /* JDSettingsViewController.m */; };
		D80A7EF2194560B30008E7CF /* address_icon.png in Resources */ = {isa = PBXBuildFile; fileRef = D80A7EE9194560B30008E7CF /* address_icon.png */; };
		D80A7EF3194560B30008E7CF /* back_btn_bg.png in Resources */ = {isa = PBXBuildFile; fileRef = D80A7EEA194560B30008E7CF /* back_btn_bg.png */; };
		D80A7EF4194560B30008E7CF /* back_btn_bg@2x.png in Resources */ = {isa = PBXBuildFile; fileRef = D80A7EEB194560B30008E7CF /* back_btn_bg@2x.png */; };
		D80A7EF5194560B30008E7CF /* main_title.png in Resources */ = {isa = PBXBuildFile; fileRef = D80A7EEC194560B30008E7CF /* main_title.png */; };
		D80A7EF6194560B30008E7CF /* navigation_bg.png in Resources */ = {isa = PBXBuildFile; fileRef = D80A7EED194560B30008E7CF /* navigation_bg.png */; };
		D80A7EF7194560B30008E7CF /* people_bg.png in Resources */ = {isa = PBXBuildFile; fileRef = D80A7EEE194560B30008E7CF /* people_bg.png */; };
		D80A7EF8194560B30008E7CF /* setting_btn_bg.png in Resources */ = {isa = PBXBuildFile; fileRef = D80A7EEF194560B30008E7CF /* setting_btn_bg.png */; };
		D80A7EF9194560B30008E7CF /* telephone_icon.png in Resources */ = {isa = PBXBuildFile; fileRef = D80A7EF0194560B30008E7CF /* telephone_icon.png */; };
		D80A7EFA194560B30008E7CF /* user_btn_bg.png in Resources */ = {isa = PBXBuildFile; fileRef = D80A7EF1194560B30008E7CF /* user_btn_bg.png */; };
		D811C83A194839A900788155 /* JDHotelModel.m in Sources */ = {isa = PBXBuildFile; fileRef = D811C839194839A900788155 /* JDHotelModel.m */; };
		D82736AD194FD395009E3468 /* count_bg.png in Resources */ = {isa = PBXBuildFile; fileRef = D82736AB194FD395009E3468 /* count_bg.png */; };
		D82736AE194FD395009E3468 /* count_bg@2x.png in Resources */ = {isa = PBXBuildFile; fileRef = D82736AC194FD395009E3468 /* count_bg@2x.png */; };
		D82736B1194FD8D5009E3468 /* indicator_1.png in Resources */ = {isa = PBXBuildFile; fileRef = D82736AF194FD8D5009E3468 /* indicator_1.png */; };
		D82736B719503CFB009E3468 /* divider_v@2x.png in Resources */ = {isa = PBXBuildFile; fileRef = D82736B319503CFB009E3468 /* divider_v@2x.png */; };
		D82736B819503CFB009E3468 /* divider@2x.png in Resources */ = {isa = PBXBuildFile; fileRef = D82736B419503CFB009E3468 /* divider@2x.png */; };
		D82736B919503CFB009E3468 /* login_bg.png in Resources */ = {isa = PBXBuildFile; fileRef = D82736B519503CFB009E3468 /* login_bg.png */; };
		D82736BA19503CFB009E3468 /* login_bg@2x.png in Resources */ = {isa = PBXBuildFile; fileRef = D82736B619503CFB009E3468 /* login_bg@2x.png */; };
		D8292D28194EE19700623611 /* indicator_1@2x.png in Resources */ = {isa = PBXBuildFile; fileRef = D8292D26194EE19700623611 /* indicator_1@2x.png */; };
		D8292D29194EE19700623611 /* indicator_2@2x.png in Resources */ = {isa = PBXBuildFile; fileRef = D8292D27194EE19700623611 /* indicator_2@2x.png */; };
		D82A86D51945B5DC00C9C249 /* navigation_bg_44.png in Resources */ = {isa = PBXBuildFile; fileRef = D82A86D31945B5DC00C9C249 /* navigation_bg_44.png */; };
		D82A86D61945B5DC00C9C249 /* navigation_bg_44@2x.png in Resources */ = {isa = PBXBuildFile; fileRef = D82A86D41945B5DC00C9C249 /* navigation_bg_44@2x.png */; };
		D82BE4F11947DECF0051CB09 /* start_btn_bg_1.png in Resources */ = {isa = PBXBuildFile; fileRef = D82BE4ED1947DECF0051CB09 /* start_btn_bg_1.png */; };
		D82BE4F21947DECF0051CB09 /* start_btn_bg_1@2x.png in Resources */ = {isa = PBXBuildFile; fileRef = D82BE4EE1947DECF0051CB09 /* start_btn_bg_1@2x.png */; };
		D82BE4F31947DECF0051CB09 /* start_btn_bg.png in Resources */ = {isa = PBXBuildFile; fileRef = D82BE4EF1947DECF0051CB09 /* start_btn_bg.png */; };
		D82BE4F41947DECF0051CB09 /* start_btn_bg@2x.png in Resources */ = {isa = PBXBuildFile; fileRef = D82BE4F01947DECF0051CB09 /* start_btn_bg@2x.png */; };
		D82BE59519482C460051CB09 /* JDOHttpClient.m in Sources */ = {isa = PBXBuildFile; fileRef = D82BE58E19482C460051CB09 /* JDOHttpClient.m */; };
		D82BE59619482C460051CB09 /* JDOJsonClient.m in Sources */ = {isa = PBXBuildFile; fileRef = D82BE59019482C460051CB09 /* JDOJsonClient.m */; };
		D82BE59719482C460051CB09 /* JDOWebClient.m in Sources */ = {isa = PBXBuildFile; fileRef = D82BE59219482C460051CB09 /* JDOWebClient.m */; };
		D82BE59819482C460051CB09 /* JDOXmlClient.m in Sources */ = {isa = PBXBuildFile; fileRef = D82BE59419482C460051CB09 /* JDOXmlClient.m */; };
		D82CF4621941B54200022E33 /* JDMainViewController.m in Sources */ = {isa = PBXBuildFile; fileRef = D82CF4611941B54200022E33 /* JDMainViewController.m */; };
		D82CF4661941BE5200022E33 /* JDUserViewController.m in Sources */ = {isa = PBXBuildFile; fileRef = D82CF4651941BE5200022E33 /* JDUserViewController.m */; };
		D83BCA7119580FF700903AE7 /* JDUserModel.m in Sources */ = {isa = PBXBuildFile; fileRef = D83BCA7019580FF700903AE7 /* JDUserModel.m */; };
		D83BCA7619582E6200903AE7 /* user_info_bg.png in Resources */ = {isa = PBXBuildFile; fileRef = D83BCA7219582E6200903AE7 /* user_info_bg.png */; };
		D83BCA7719582E6200903AE7 /* user_info_bg@2x.png in Resources */ = {isa = PBXBuildFile; fileRef = D83BCA7319582E6200903AE7 /* user_info_bg@2x.png */; };
		D83BCA7819582E6200903AE7 /* user_info_item_bg.png in Resources */ = {isa = PBXBuildFile; fileRef = D83BCA7419582E6200903AE7 /* user_info_item_bg.png */; };
		D83BCA7919582E6200903AE7 /* user_info_item_bg@2x.png in Resources */ = {isa = PBXBuildFile; fileRef = D83BCA7519582E6200903AE7 /* user_info_item_bg@2x.png */; };
		D84807AA1945492A001573F9 /* JDHXLParentViewController.m in Sources */ = {isa = PBXBuildFile; fileRef = D84807A91945492A001573F9 /* JDHXLParentViewController.m */; };
		D84DF96F19483E5D001B266E /* JDHXLModel.m in Sources */ = {isa = PBXBuildFile; fileRef = D84DF96E19483E5D001B266E /* JDHXLModel.m */; };
		D86D429B1958FCD200D32692 /* user_image_default.png in Resources */ = {isa = PBXBuildFile; fileRef = D86D42991958FCD200D32692 /* user_image_default.png */; };
		D86D429C1958FCD200D32692 /* user_image_default@2x.png in Resources */ = {isa = PBXBuildFile; fileRef = D86D429A1958FCD200D32692 /* user_image_default@2x.png */; };
		D86D429F19591ABE00D32692 /* JDCurrentOrdersController.m in Sources */ = {isa = PBXBuildFile; fileRef = D86D429E19591ABE00D32692 /* JDCurrentOrdersController.m */; };
		D86D42A219591ADF00D32692 /* JDHistoryOrdersController.m in Sources */ = {isa = PBXBuildFile; fileRef = D86D42A119591ADF00D32692 /* JDHistoryOrdersController.m */; };
		D8B120AC1952869000A631E1 /* divider_v.png in Resources */ = {isa = PBXBuildFile; fileRef = D8B120AA1952869000A631E1 /* divider_v.png */; };
		D8B120AD1952869000A631E1 /* divider.png in Resources */ = {isa = PBXBuildFile; fileRef = D8B120AB1952869000A631E1 /* divider.png */; };
		D8D418671949380100471D40 /* loading_bg.png in Resources */ = {isa = PBXBuildFile; fileRef = D8D418631949380100471D40 /* loading_bg.png */; };
		D8D418681949380100471D40 /* loading_bg@2x.png in Resources */ = {isa = PBXBuildFile; fileRef = D8D418641949380100471D40 /* loading_bg@2x.png */; };
		D8D418691949380100471D40 /* notavilable_bg.png in Resources */ = {isa = PBXBuildFile; fileRef = D8D418651949380100471D40 /* notavilable_bg.png */; };
		D8D4186A1949380100471D40 /* notavilable_bg@2x.png in Resources */ = {isa = PBXBuildFile; fileRef = D8D418661949380100471D40 /* notavilable_bg@2x.png */; };
		D8D4186D1949829900471D40 /* JDHXLUtil.m in Sources */ = {isa = PBXBuildFile; fileRef = D8D4186C1949829900471D40 /* JDHXLUtil.m */; };
		D8D41871194986BA00471D40 /* STKeychain.m in Sources */ = {isa = PBXBuildFile; fileRef = D8D41870194986BA00471D40 /* STKeychain.m */; settings = {COMPILER_FLAGS = "-fno-objc-arc"; }; };
/* End PBXBuildFile section */

/* Begin PBXContainerItemProxy section */
		2DBA450E194146FC00F73B66 /* PBXContainerItemProxy */ = {
			isa = PBXContainerItemProxy;
			containerPortal = 2DBA44E6194146FA00F73B66 /* Project object */;
			proxyType = 1;
			remoteGlobalIDString = 2DBA44ED194146FB00F73B66;
			remoteInfo = HXL;
		};
/* End PBXContainerItemProxy section */

/* Begin PBXFileReference section */
		2DBA44EE194146FB00F73B66 /* HXL.app */ = {isa = PBXFileReference; explicitFileType = wrapper.application; includeInIndex = 0; path = HXL.app; sourceTree = BUILT_PRODUCTS_DIR; };
		2DBA44F1194146FB00F73B66 /* Foundation.framework */ = {isa = PBXFileReference; lastKnownFileType = wrapper.framework; name = Foundation.framework; path = System/Library/Frameworks/Foundation.framework; sourceTree = SDKROOT; };
		2DBA44F3194146FB00F73B66 /* CoreGraphics.framework */ = {isa = PBXFileReference; lastKnownFileType = wrapper.framework; name = CoreGraphics.framework; path = System/Library/Frameworks/CoreGraphics.framework; sourceTree = SDKROOT; };
		2DBA44F5194146FB00F73B66 /* UIKit.framework */ = {isa = PBXFileReference; lastKnownFileType = wrapper.framework; name = UIKit.framework; path = System/Library/Frameworks/UIKit.framework; sourceTree = SDKROOT; };
		2DBA44F9194146FB00F73B66 /* HXL-Info.plist */ = {isa = PBXFileReference; lastKnownFileType = text.plist.xml; path = "HXL-Info.plist"; sourceTree = "<group>"; };
		2DBA44FB194146FB00F73B66 /* en */ = {isa = PBXFileReference; lastKnownFileType = text.plist.strings; name = en; path = en.lproj/InfoPlist.strings; sourceTree = "<group>"; };
		2DBA44FD194146FB00F73B66 /* main.m */ = {isa = PBXFileReference; lastKnownFileType = sourcecode.c.objc; path = main.m; sourceTree = "<group>"; };
		2DBA44FF194146FB00F73B66 /* HXL-Prefix.pch */ = {isa = PBXFileReference; lastKnownFileType = sourcecode.c.h; path = "HXL-Prefix.pch"; sourceTree = "<group>"; };
		2DBA4500194146FB00F73B66 /* JDAppDelegate.h */ = {isa = PBXFileReference; lastKnownFileType = sourcecode.c.h; path = JDAppDelegate.h; sourceTree = "<group>"; };
		2DBA4501194146FB00F73B66 /* JDAppDelegate.m */ = {isa = PBXFileReference; lastKnownFileType = sourcecode.c.objc; path = JDAppDelegate.m; sourceTree = "<group>"; };
		2DBA4503194146FB00F73B66 /* Images.xcassets */ = {isa = PBXFileReference; lastKnownFileType = folder.assetcatalog; name = Images.xcassets; path = HXL/Images.xcassets; sourceTree = "<group>"; };
		2DBA4509194146FB00F73B66 /* HXLTests.xctest */ = {isa = PBXFileReference; explicitFileType = wrapper.cfbundle; includeInIndex = 0; path = HXLTests.xctest; sourceTree = BUILT_PRODUCTS_DIR; };
		2DBA450A194146FB00F73B66 /* XCTest.framework */ = {isa = PBXFileReference; lastKnownFileType = wrapper.framework; name = XCTest.framework; path = Library/Frameworks/XCTest.framework; sourceTree = DEVELOPER_DIR; };
		2DBA4512194146FC00F73B66 /* HXLTests-Info.plist */ = {isa = PBXFileReference; lastKnownFileType = text.plist.xml; path = "HXLTests-Info.plist"; sourceTree = "<group>"; };
		2DBA4514194146FC00F73B66 /* en */ = {isa = PBXFileReference; lastKnownFileType = text.plist.strings; name = en; path = en.lproj/InfoPlist.strings; sourceTree = "<group>"; };
		2DBA4516194146FC00F73B66 /* HXLTests.m */ = {isa = PBXFileReference; lastKnownFileType = sourcecode.c.objc; path = HXLTests.m; sourceTree = "<group>"; };
		A71203471946954A004CFC3D /* JDDishModel.h */ = {isa = PBXFileReference; fileEncoding = 4; lastKnownFileType = sourcecode.c.h; path = JDDishModel.h; sourceTree = "<group>"; };
		A71203481946954A004CFC3D /* JDDishModel.m */ = {isa = PBXFileReference; fileEncoding = 4; lastKnownFileType = sourcecode.c.objc; path = JDDishModel.m; sourceTree = "<group>"; };
		A712034A1946A9EB004CFC3D /* JDMenuController.h */ = {isa = PBXFileReference; fileEncoding = 4; lastKnownFileType = sourcecode.c.h; path = JDMenuController.h; sourceTree = "<group>"; };
		A712034B1946A9EB004CFC3D /* JDMenuController.m */ = {isa = PBXFileReference; fileEncoding = 4; lastKnownFileType = sourcecode.c.objc; path = JDMenuController.m; sourceTree = "<group>"; };
		A71D28561948043200DE1B3F /* menu_submit_bg.png */ = {isa = PBXFileReference; lastKnownFileType = image.png; path = menu_submit_bg.png; sourceTree = "<group>"; };
		A7228F0119512AE0007AF87C /* dish_taste_bg.png */ = {isa = PBXFileReference; lastKnownFileType = image.png; path = dish_taste_bg.png; sourceTree = "<group>"; };
		A7228F0219512AE0007AF87C /* dish_tuijian.png */ = {isa = PBXFileReference; lastKnownFileType = image.png; path = dish_tuijian.png; sourceTree = "<group>"; };
		A7228F0519512C31007AF87C /* dish_eat.png */ = {isa = PBXFileReference; lastKnownFileType = image.png; path = dish_eat.png; sourceTree = "<group>"; };
		A7228F0619512C31007AF87C /* dish_like.png */ = {isa = PBXFileReference; lastKnownFileType = image.png; path = dish_like.png; sourceTree = "<group>"; };
		A72636CA1959572100BD3E72 /* JDDishDetailView.h */ = {isa = PBXFileReference; fileEncoding = 4; lastKnownFileType = sourcecode.c.h; path = JDDishDetailView.h; sourceTree = "<group>"; };
		A72636CB1959572100BD3E72 /* JDDishDetailView.m */ = {isa = PBXFileReference; fileEncoding = 4; lastKnownFileType = sourcecode.c.objc; path = JDDishDetailView.m; sourceTree = "<group>"; };
		A72636CD19595F3500BD3E72 /* dish_detail_close_btn.png */ = {isa = PBXFileReference; lastKnownFileType = image.png; path = dish_detail_close_btn.png; sourceTree = "<group>"; };
		A72636CF1959731F00BD3E72 /* dish_detail_devider.png */ = {isa = PBXFileReference; lastKnownFileType = image.png; path = dish_detail_devider.png; sourceTree = "<group>"; };
		A744AEE5194832E800C092BB /* menu_orderby_devider.png */ = {isa = PBXFileReference; lastKnownFileType = image.png; path = menu_orderby_devider.png; sourceTree = "<group>"; };
		A744AEE6194832E800C092BB /* menu_orderby.png */ = {isa = PBXFileReference; lastKnownFileType = image.png; path = menu_orderby.png; sourceTree = "<group>"; };
		A744AEE91948424A00C092BB /* dishtype_item_bg.png */ = {isa = PBXFileReference; lastKnownFileType = image.png; path = dishtype_item_bg.png; sourceTree = "<group>"; };
		A758E67F19519B9000374F8F /* JDDishTypeView.h */ = {isa = PBXFileReference; fileEncoding = 4; lastKnownFileType = sourcecode.c.h; path = JDDishTypeView.h; sourceTree = "<group>"; };
		A758E68019519B9000374F8F /* JDDishTypeView.m */ = {isa = PBXFileReference; fileEncoding = 4; lastKnownFileType = sourcecode.c.objc; path = JDDishTypeView.m; sourceTree = "<group>"; };
		A7597EFF19542534006DB4BA /* dish_add1.png */ = {isa = PBXFileReference; lastKnownFileType = image.png; path = dish_add1.png; sourceTree = "<group>"; };
		A7597F0019542534006DB4BA /* dish_edt_bg1.png */ = {isa = PBXFileReference; lastKnownFileType = image.png; path = dish_edt_bg1.png; sourceTree = "<group>"; };
		A7597F0119542534006DB4BA /* dish_sub1.png */ = {isa = PBXFileReference; lastKnownFileType = image.png; path = dish_sub1.png; sourceTree = "<group>"; };
		A75BC74E194AD6920052CD3E /* JDOArrayModel.h */ = {isa = PBXFileReference; fileEncoding = 4; lastKnownFileType = sourcecode.c.h; path = JDOArrayModel.h; sourceTree = "<group>"; };
		A75BC74F194AD6920052CD3E /* JDOArrayModel.m */ = {isa = PBXFileReference; fileEncoding = 4; lastKnownFileType = sourcecode.c.objc; path = JDOArrayModel.m; sourceTree = "<group>"; };
		A75BC750194AD6920052CD3E /* JDODataModel.h */ = {isa = PBXFileReference; fileEncoding = 4; lastKnownFileType = sourcecode.c.h; path = JDODataModel.h; sourceTree = "<group>"; };
		A75BC751194AD6920052CD3E /* JDODataModel.m */ = {isa = PBXFileReference; fileEncoding = 4; lastKnownFileType = sourcecode.c.objc; path = JDODataModel.m; sourceTree = "<group>"; };
		A75BC754194AD97C0052CD3E /* JDDishTypeModel.h */ = {isa = PBXFileReference; fileEncoding = 4; lastKnownFileType = sourcecode.c.h; path = JDDishTypeModel.h; sourceTree = "<group>"; };
		A75BC755194AD97C0052CD3E /* JDDishTypeModel.m */ = {isa = PBXFileReference; fileEncoding = 4; lastKnownFileType = sourcecode.c.objc; path = JDDishTypeModel.m; sourceTree = "<group>"; };
		A762112E1957C5AE0037C7E3 /* JDGestureRecognizer.h */ = {isa = PBXFileReference; fileEncoding = 4; lastKnownFileType = sourcecode.c.h; path = JDGestureRecognizer.h; sourceTree = "<group>"; };
		A762112F1957C5AE0037C7E3 /* JDGestureRecognizer.m */ = {isa = PBXFileReference; fileEncoding = 4; lastKnownFileType = sourcecode.c.objc; path = JDGestureRecognizer.m; sourceTree = "<group>"; };
		A79969EF194FD8D1003D7DE7 /* dishtype_ordernumber_bg.png */ = {isa = PBXFileReference; lastKnownFileType = image.png; path = dishtype_ordernumber_bg.png; sourceTree = "<group>"; };
		A79969F0194FD8D1003D7DE7 /* dishtype_ordernumber_bg2.png */ = {isa = PBXFileReference; lastKnownFileType = image.png; path = dishtype_ordernumber_bg2.png; sourceTree = "<group>"; };
		A79969F3194FE7CA003D7DE7 /* JDMenuItemView.h */ = {isa = PBXFileReference; fileEncoding = 4; lastKnownFileType = sourcecode.c.h; path = JDMenuItemView.h; sourceTree = "<group>"; };
		A79969F4194FE7CA003D7DE7 /* JDMenuItemView.m */ = {isa = PBXFileReference; fileEncoding = 4; lastKnownFileType = sourcecode.c.objc; path = JDMenuItemView.m; sourceTree = "<group>"; };
		B4428FFB5D7F48E198537D5A /* libPods.a */ = {isa = PBXFileReference; explicitFileType = archive.ar; includeInIndex = 0; path = libPods.a; sourceTree = BUILT_PRODUCTS_DIR; };
		D5F4334235FC4D7C88D04F50 /* Pods.xcconfig */ = {isa = PBXFileReference; includeInIndex = 1; lastKnownFileType = text.xcconfig; name = Pods.xcconfig; path = Pods/Pods.xcconfig; sourceTree = "<group>"; };
		D80A7ECA194551240008E7CF /* Default-568h@2x.png */ = {isa = PBXFileReference; lastKnownFileType = image.png; path = "Default-568h@2x.png"; sourceTree = "<group>"; };
		D80A7ECB194551240008E7CF /* Default@2x.png */ = {isa = PBXFileReference; lastKnownFileType = image.png; path = "Default@2x.png"; sourceTree = "<group>"; };
		D80A7ECE1945552E0008E7CF /* icon-120@2x.png */ = {isa = PBXFileReference; lastKnownFileType = image.png; path = "icon-120@2x.png"; sourceTree = "<group>"; };
		D80A7ECF1945552E0008E7CF /* icon.png */ = {isa = PBXFileReference; lastKnownFileType = image.png; path = icon.png; sourceTree = "<group>"; };
		D80A7ED01945552E0008E7CF /* icon@2x.png */ = {isa = PBXFileReference; lastKnownFileType = image.png; path = "icon@2x.png"; sourceTree = "<group>"; };
		D80A7ED41945559A0008E7CF /* Default.png */ = {isa = PBXFileReference; lastKnownFileType = image.png; path = Default.png; sourceTree = "<group>"; };
		D80A7ED619455A820008E7CF /* navigation_bg@2x.png */ = {isa = PBXFileReference; lastKnownFileType = image.png; path = "navigation_bg@2x.png"; sourceTree = "<group>"; };
		D80A7ED819455C330008E7CF /* address_icon@2x.png */ = {isa = PBXFileReference; lastKnownFileType = image.png; path = "address_icon@2x.png"; sourceTree = "<group>"; };
		D80A7EDA19455C330008E7CF /* people_bg@2x.png */ = {isa = PBXFileReference; lastKnownFileType = image.png; path = "people_bg@2x.png"; sourceTree = "<group>"; };
		D80A7EDB19455C330008E7CF /* setting_btn_bg@2x.png */ = {isa = PBXFileReference; lastKnownFileType = image.png; path = "setting_btn_bg@2x.png"; sourceTree = "<group>"; };
		D80A7EDC19455C330008E7CF /* telephone_icon@2x.png */ = {isa = PBXFileReference; lastKnownFileType = image.png; path = "telephone_icon@2x.png"; sourceTree = "<group>"; };
		D80A7EDD19455C330008E7CF /* user_btn_bg@2x.png */ = {isa = PBXFileReference; lastKnownFileType = image.png; path = "user_btn_bg@2x.png"; sourceTree = "<group>"; };
		D80A7EE419455E4F0008E7CF /* main_title@2x.png */ = {isa = PBXFileReference; lastKnownFileType = image.png; path = "main_title@2x.png"; sourceTree = "<group>"; };
		D80A7EE619455EA60008E7CF /* JDSettingsViewController.h */ = {isa = PBXFileReference; fileEncoding = 4; lastKnownFileType = sourcecode.c.h; path = JDSettingsViewController.h; sourceTree = "<group>"; };
		D80A7EE719455EA60008E7CF /* JDSettingsViewController.m */ = {isa = PBXFileReference; fileEncoding = 4; lastKnownFileType = sourcecode.c.objc; path = JDSettingsViewController.m; sourceTree = "<group>"; };
		D80A7EE9194560B30008E7CF /* address_icon.png */ = {isa = PBXFileReference; lastKnownFileType = image.png; path = address_icon.png; sourceTree = "<group>"; };
		D80A7EEA194560B30008E7CF /* back_btn_bg.png */ = {isa = PBXFileReference; lastKnownFileType = image.png; path = back_btn_bg.png; sourceTree = "<group>"; };
		D80A7EEB194560B30008E7CF /* back_btn_bg@2x.png */ = {isa = PBXFileReference; lastKnownFileType = image.png; path = "back_btn_bg@2x.png"; sourceTree = "<group>"; };
		D80A7EEC194560B30008E7CF /* main_title.png */ = {isa = PBXFileReference; lastKnownFileType = image.png; path = main_title.png; sourceTree = "<group>"; };
		D80A7EED194560B30008E7CF /* navigation_bg.png */ = {isa = PBXFileReference; lastKnownFileType = image.png; path = navigation_bg.png; sourceTree = "<group>"; };
		D80A7EEE194560B30008E7CF /* people_bg.png */ = {isa = PBXFileReference; lastKnownFileType = image.png; path = people_bg.png; sourceTree = "<group>"; };
		D80A7EEF194560B30008E7CF /* setting_btn_bg.png */ = {isa = PBXFileReference; lastKnownFileType = image.png; path = setting_btn_bg.png; sourceTree = "<group>"; };
		D80A7EF0194560B30008E7CF /* telephone_icon.png */ = {isa = PBXFileReference; lastKnownFileType = image.png; path = telephone_icon.png; sourceTree = "<group>"; };
		D80A7EF1194560B30008E7CF /* user_btn_bg.png */ = {isa = PBXFileReference; lastKnownFileType = image.png; path = user_btn_bg.png; sourceTree = "<group>"; };
		D811C838194839A900788155 /* JDHotelModel.h */ = {isa = PBXFileReference; fileEncoding = 4; lastKnownFileType = sourcecode.c.h; path = JDHotelModel.h; sourceTree = "<group>"; };
		D811C839194839A900788155 /* JDHotelModel.m */ = {isa = PBXFileReference; fileEncoding = 4; lastKnownFileType = sourcecode.c.objc; path = JDHotelModel.m; sourceTree = "<group>"; };
		D82736AB194FD395009E3468 /* count_bg.png */ = {isa = PBXFileReference; lastKnownFileType = image.png; path = count_bg.png; sourceTree = "<group>"; };
		D82736AC194FD395009E3468 /* count_bg@2x.png */ = {isa = PBXFileReference; lastKnownFileType = image.png; path = "count_bg@2x.png"; sourceTree = "<group>"; };
		D82736AF194FD8D5009E3468 /* indicator_1.png */ = {isa = PBXFileReference; lastKnownFileType = image.png; path = indicator_1.png; sourceTree = "<group>"; };
		D82736B0194FD8D5009E3468 /* indicator_2.png */ = {isa = PBXFileReference; lastKnownFileType = image.png; path = indicator_2.png; sourceTree = "<group>"; };
		D82736B319503CFB009E3468 /* divider_v@2x.png */ = {isa = PBXFileReference; lastKnownFileType = image.png; path = "divider_v@2x.png"; sourceTree = "<group>"; };
		D82736B419503CFB009E3468 /* divider@2x.png */ = {isa = PBXFileReference; lastKnownFileType = image.png; path = "divider@2x.png"; sourceTree = "<group>"; };
		D82736B519503CFB009E3468 /* login_bg.png */ = {isa = PBXFileReference; lastKnownFileType = image.png; path = login_bg.png; sourceTree = "<group>"; };
		D82736B619503CFB009E3468 /* login_bg@2x.png */ = {isa = PBXFileReference; lastKnownFileType = image.png; path = "login_bg@2x.png"; sourceTree = "<group>"; };
		D8292D26194EE19700623611 /* indicator_1@2x.png */ = {isa = PBXFileReference; lastKnownFileType = image.png; path = "indicator_1@2x.png"; sourceTree = "<group>"; };
		D8292D27194EE19700623611 /* indicator_2@2x.png */ = {isa = PBXFileReference; lastKnownFileType = image.png; path = "indicator_2@2x.png"; sourceTree = "<group>"; };
		D82A86D31945B5DC00C9C249 /* navigation_bg_44.png */ = {isa = PBXFileReference; lastKnownFileType = image.png; path = navigation_bg_44.png; sourceTree = "<group>"; };
		D82A86D41945B5DC00C9C249 /* navigation_bg_44@2x.png */ = {isa = PBXFileReference; lastKnownFileType = image.png; path = "navigation_bg_44@2x.png"; sourceTree = "<group>"; };
		D82BE4ED1947DECF0051CB09 /* start_btn_bg_1.png */ = {isa = PBXFileReference; lastKnownFileType = image.png; path = start_btn_bg_1.png; sourceTree = "<group>"; };
		D82BE4EE1947DECF0051CB09 /* start_btn_bg_1@2x.png */ = {isa = PBXFileReference; lastKnownFileType = image.png; path = "start_btn_bg_1@2x.png"; sourceTree = "<group>"; };
		D82BE4EF1947DECF0051CB09 /* start_btn_bg.png */ = {isa = PBXFileReference; lastKnownFileType = image.png; path = start_btn_bg.png; sourceTree = "<group>"; };
		D82BE4F01947DECF0051CB09 /* start_btn_bg@2x.png */ = {isa = PBXFileReference; lastKnownFileType = image.png; path = "start_btn_bg@2x.png"; sourceTree = "<group>"; };
		D82BE58D19482C460051CB09 /* JDOHttpClient.h */ = {isa = PBXFileReference; fileEncoding = 4; lastKnownFileType = sourcecode.c.h; path = JDOHttpClient.h; sourceTree = "<group>"; };
		D82BE58E19482C460051CB09 /* JDOHttpClient.m */ = {isa = PBXFileReference; fileEncoding = 4; lastKnownFileType = sourcecode.c.objc; path = JDOHttpClient.m; sourceTree = "<group>"; };
		D82BE58F19482C460051CB09 /* JDOJsonClient.h */ = {isa = PBXFileReference; fileEncoding = 4; lastKnownFileType = sourcecode.c.h; path = JDOJsonClient.h; sourceTree = "<group>"; };
		D82BE59019482C460051CB09 /* JDOJsonClient.m */ = {isa = PBXFileReference; fileEncoding = 4; lastKnownFileType = sourcecode.c.objc; path = JDOJsonClient.m; sourceTree = "<group>"; };
		D82BE59119482C460051CB09 /* JDOWebClient.h */ = {isa = PBXFileReference; fileEncoding = 4; lastKnownFileType = sourcecode.c.h; path = JDOWebClient.h; sourceTree = "<group>"; };
		D82BE59219482C460051CB09 /* JDOWebClient.m */ = {isa = PBXFileReference; fileEncoding = 4; lastKnownFileType = sourcecode.c.objc; path = JDOWebClient.m; sourceTree = "<group>"; };
		D82BE59319482C460051CB09 /* JDOXmlClient.h */ = {isa = PBXFileReference; fileEncoding = 4; lastKnownFileType = sourcecode.c.h; path = JDOXmlClient.h; sourceTree = "<group>"; };
		D82BE59419482C460051CB09 /* JDOXmlClient.m */ = {isa = PBXFileReference; fileEncoding = 4; lastKnownFileType = sourcecode.c.objc; path = JDOXmlClient.m; sourceTree = "<group>"; };
		D82CF4601941B54200022E33 /* JDMainViewController.h */ = {isa = PBXFileReference; fileEncoding = 4; lastKnownFileType = sourcecode.c.h; path = JDMainViewController.h; sourceTree = "<group>"; };
		D82CF4611941B54200022E33 /* JDMainViewController.m */ = {isa = PBXFileReference; fileEncoding = 4; lastKnownFileType = sourcecode.c.objc; path = JDMainViewController.m; sourceTree = "<group>"; };
		D82CF4641941BE5200022E33 /* JDUserViewController.h */ = {isa = PBXFileReference; fileEncoding = 4; lastKnownFileType = sourcecode.c.h; path = JDUserViewController.h; sourceTree = "<group>"; };
		D82CF4651941BE5200022E33 /* JDUserViewController.m */ = {isa = PBXFileReference; fileEncoding = 4; lastKnownFileType = sourcecode.c.objc; path = JDUserViewController.m; sourceTree = "<group>"; };
		D83BCA6F19580FF700903AE7 /* JDUserModel.h */ = {isa = PBXFileReference; fileEncoding = 4; lastKnownFileType = sourcecode.c.h; path = JDUserModel.h; sourceTree = "<group>"; };
		D83BCA7019580FF700903AE7 /* JDUserModel.m */ = {isa = PBXFileReference; fileEncoding = 4; lastKnownFileType = sourcecode.c.objc; path = JDUserModel.m; sourceTree = "<group>"; };
		D83BCA7219582E6200903AE7 /* user_info_bg.png */ = {isa = PBXFileReference; lastKnownFileType = image.png; path = user_info_bg.png; sourceTree = "<group>"; };
		D83BCA7319582E6200903AE7 /* user_info_bg@2x.png */ = {isa = PBXFileReference; lastKnownFileType = image.png; path = "user_info_bg@2x.png"; sourceTree = "<group>"; };
		D83BCA7419582E6200903AE7 /* user_info_item_bg.png */ = {isa = PBXFileReference; lastKnownFileType = image.png; path = user_info_item_bg.png; sourceTree = "<group>"; };
		D83BCA7519582E6200903AE7 /* user_info_item_bg@2x.png */ = {isa = PBXFileReference; lastKnownFileType = image.png; path = "user_info_item_bg@2x.png"; sourceTree = "<group>"; };
		D84807A81945492A001573F9 /* JDHXLParentViewController.h */ = {isa = PBXFileReference; fileEncoding = 4; lastKnownFileType = sourcecode.c.h; path = JDHXLParentViewController.h; sourceTree = "<group>"; };
		D84807A91945492A001573F9 /* JDHXLParentViewController.m */ = {isa = PBXFileReference; fileEncoding = 4; lastKnownFileType = sourcecode.c.objc; path = JDHXLParentViewController.m; sourceTree = "<group>"; };
		D84DF96D19483E5D001B266E /* JDHXLModel.h */ = {isa = PBXFileReference; fileEncoding = 4; lastKnownFileType = sourcecode.c.h; path = JDHXLModel.h; sourceTree = "<group>"; };
		D84DF96E19483E5D001B266E /* JDHXLModel.m */ = {isa = PBXFileReference; fileEncoding = 4; lastKnownFileType = sourcecode.c.objc; path = JDHXLModel.m; sourceTree = "<group>"; };
		D86D42991958FCD200D32692 /* user_image_default.png */ = {isa = PBXFileReference; lastKnownFileType = image.png; path = user_image_default.png; sourceTree = "<group>"; };
		D86D429A1958FCD200D32692 /* user_image_default@2x.png */ = {isa = PBXFileReference; lastKnownFileType = image.png; path = "user_image_default@2x.png"; sourceTree = "<group>"; };
		D86D429D19591ABE00D32692 /* JDCurrentOrdersController.h */ = {isa = PBXFileReference; fileEncoding = 4; lastKnownFileType = sourcecode.c.h; path = JDCurrentOrdersController.h; sourceTree = "<group>"; };
		D86D429E19591ABE00D32692 /* JDCurrentOrdersController.m */ = {isa = PBXFileReference; fileEncoding = 4; lastKnownFileType = sourcecode.c.objc; path = JDCurrentOrdersController.m; sourceTree = "<group>"; };
		D86D42A019591ADF00D32692 /* JDHistoryOrdersController.h */ = {isa = PBXFileReference; fileEncoding = 4; lastKnownFileType = sourcecode.c.h; path = JDHistoryOrdersController.h; sourceTree = "<group>"; };
		D86D42A119591ADF00D32692 /* JDHistoryOrdersController.m */ = {isa = PBXFileReference; fileEncoding = 4; lastKnownFileType = sourcecode.c.objc; path = JDHistoryOrdersController.m; sourceTree = "<group>"; };
		D8B120AA1952869000A631E1 /* divider_v.png */ = {isa = PBXFileReference; lastKnownFileType = image.png; path = divider_v.png; sourceTree = "<group>"; };
		D8B120AB1952869000A631E1 /* divider.png */ = {isa = PBXFileReference; lastKnownFileType = image.png; path = divider.png; sourceTree = "<group>"; };
		D8D418631949380100471D40 /* loading_bg.png */ = {isa = PBXFileReference; lastKnownFileType = image.png; path = loading_bg.png; sourceTree = "<group>"; };
		D8D418641949380100471D40 /* loading_bg@2x.png */ = {isa = PBXFileReference; lastKnownFileType = image.png; path = "loading_bg@2x.png"; sourceTree = "<group>"; };
		D8D418651949380100471D40 /* notavilable_bg.png */ = {isa = PBXFileReference; lastKnownFileType = image.png; path = notavilable_bg.png; sourceTree = "<group>"; };
		D8D418661949380100471D40 /* notavilable_bg@2x.png */ = {isa = PBXFileReference; lastKnownFileType = image.png; path = "notavilable_bg@2x.png"; sourceTree = "<group>"; };
		D8D4186B1949829900471D40 /* JDHXLUtil.h */ = {isa = PBXFileReference; fileEncoding = 4; lastKnownFileType = sourcecode.c.h; path = JDHXLUtil.h; sourceTree = "<group>"; };
		D8D4186C1949829900471D40 /* JDHXLUtil.m */ = {isa = PBXFileReference; fileEncoding = 4; lastKnownFileType = sourcecode.c.objc; path = JDHXLUtil.m; sourceTree = "<group>"; };
		D8D4186F194986BA00471D40 /* STKeychain.h */ = {isa = PBXFileReference; fileEncoding = 4; lastKnownFileType = sourcecode.c.h; path = STKeychain.h; sourceTree = "<group>"; };
		D8D41870194986BA00471D40 /* STKeychain.m */ = {isa = PBXFileReference; fileEncoding = 4; lastKnownFileType = sourcecode.c.objc; path = STKeychain.m; sourceTree = "<group>"; };
/* End PBXFileReference section */

/* Begin PBXFrameworksBuildPhase section */
		2DBA44EB194146FB00F73B66 /* Frameworks */ = {
			isa = PBXFrameworksBuildPhase;
			buildActionMask = 2147483647;
			files = (
				2DBA44F4194146FB00F73B66 /* CoreGraphics.framework in Frameworks */,
				2DBA44F6194146FB00F73B66 /* UIKit.framework in Frameworks */,
				2DBA44F2194146FB00F73B66 /* Foundation.framework in Frameworks */,
				4E1C2A20F6DE45608B9C1D90 /* libPods.a in Frameworks */,
			);
			runOnlyForDeploymentPostprocessing = 0;
		};
		2DBA4506194146FB00F73B66 /* Frameworks */ = {
			isa = PBXFrameworksBuildPhase;
			buildActionMask = 2147483647;
			files = (
				2DBA450B194146FB00F73B66 /* XCTest.framework in Frameworks */,
				2DBA450D194146FC00F73B66 /* UIKit.framework in Frameworks */,
				2DBA450C194146FB00F73B66 /* Foundation.framework in Frameworks */,
			);
			runOnlyForDeploymentPostprocessing = 0;
		};
/* End PBXFrameworksBuildPhase section */

/* Begin PBXGroup section */
		2DBA44E5194146FA00F73B66 = {
			isa = PBXGroup;
			children = (
				2DBA44F7194146FB00F73B66 /* HXL */,
				2DBA4503194146FB00F73B66 /* Images.xcassets */,
				2DBA4510194146FC00F73B66 /* HXLTests */,
				2DBA44F0194146FB00F73B66 /* Frameworks */,
				2DBA44EF194146FB00F73B66 /* Products */,
				D5F4334235FC4D7C88D04F50 /* Pods.xcconfig */,
			);
			sourceTree = "<group>";
		};
		2DBA44EF194146FB00F73B66 /* Products */ = {
			isa = PBXGroup;
			children = (
				2DBA44EE194146FB00F73B66 /* HXL.app */,
				2DBA4509194146FB00F73B66 /* HXLTests.xctest */,
			);
			name = Products;
			sourceTree = "<group>";
		};
		2DBA44F0194146FB00F73B66 /* Frameworks */ = {
			isa = PBXGroup;
			children = (
				2DBA44F1194146FB00F73B66 /* Foundation.framework */,
				2DBA44F3194146FB00F73B66 /* CoreGraphics.framework */,
				2DBA44F5194146FB00F73B66 /* UIKit.framework */,
				2DBA450A194146FB00F73B66 /* XCTest.framework */,
				B4428FFB5D7F48E198537D5A /* libPods.a */,
			);
			name = Frameworks;
			sourceTree = "<group>";
		};
		2DBA44F7194146FB00F73B66 /* HXL */ = {
			isa = PBXGroup;
			children = (
				2DBA4500194146FB00F73B66 /* JDAppDelegate.h */,
				2DBA4501194146FB00F73B66 /* JDAppDelegate.m */,
				D82CF4631941B55300022E33 /* Controllers */,
				A7120346194691E2004CFC3D /* Model */,
				D82BE58C19482BE70051CB09 /* Http */,
				D82BE58B19482BB40051CB09 /* Utils */,
				2DBA44F8194146FB00F73B66 /* Supporting Files */,
				D82CF4671941C17F00022E33 /* Resources */,
			);
			path = HXL;
			sourceTree = "<group>";
		};
		2DBA44F8194146FB00F73B66 /* Supporting Files */ = {
			isa = PBXGroup;
			children = (
				2DBA44F9194146FB00F73B66 /* HXL-Info.plist */,
				2DBA44FA194146FB00F73B66 /* InfoPlist.strings */,
				2DBA44FD194146FB00F73B66 /* main.m */,
				2DBA44FF194146FB00F73B66 /* HXL-Prefix.pch */,
			);
			name = "Supporting Files";
			sourceTree = "<group>";
		};
		2DBA4510194146FC00F73B66 /* HXLTests */ = {
			isa = PBXGroup;
			children = (
				2DBA4516194146FC00F73B66 /* HXLTests.m */,
				2DBA4511194146FC00F73B66 /* Supporting Files */,
			);
			path = HXLTests;
			sourceTree = "<group>";
		};
		2DBA4511194146FC00F73B66 /* Supporting Files */ = {
			isa = PBXGroup;
			children = (
				2DBA4512194146FC00F73B66 /* HXLTests-Info.plist */,
				2DBA4513194146FC00F73B66 /* InfoPlist.strings */,
			);
			name = "Supporting Files";
			sourceTree = "<group>";
		};
		A7120346194691E2004CFC3D /* Model */ = {
			isa = PBXGroup;
			children = (
				D83BCA6F19580FF700903AE7 /* JDUserModel.h */,
				D83BCA7019580FF700903AE7 /* JDUserModel.m */,
				A75BC74E194AD6920052CD3E /* JDOArrayModel.h */,
				A75BC74F194AD6920052CD3E /* JDOArrayModel.m */,
				A75BC750194AD6920052CD3E /* JDODataModel.h */,
				A75BC751194AD6920052CD3E /* JDODataModel.m */,
				D84DF96D19483E5D001B266E /* JDHXLModel.h */,
				D84DF96E19483E5D001B266E /* JDHXLModel.m */,
				D811C838194839A900788155 /* JDHotelModel.h */,
				D811C839194839A900788155 /* JDHotelModel.m */,
				A71203471946954A004CFC3D /* JDDishModel.h */,
				A71203481946954A004CFC3D /* JDDishModel.m */,
				A75BC754194AD97C0052CD3E /* JDDishTypeModel.h */,
				A75BC755194AD97C0052CD3E /* JDDishTypeModel.m */,
			);
			path = Model;
			sourceTree = "<group>";
		};
		D82BE58B19482BB40051CB09 /* Utils */ = {
			isa = PBXGroup;
			children = (
				D8D4186F194986BA00471D40 /* STKeychain.h */,
				D8D41870194986BA00471D40 /* STKeychain.m */,
				D8D4186B1949829900471D40 /* JDHXLUtil.h */,
				D8D4186C1949829900471D40 /* JDHXLUtil.m */,
				A762112E1957C5AE0037C7E3 /* JDGestureRecognizer.h */,
				A762112F1957C5AE0037C7E3 /* JDGestureRecognizer.m */,
			);
			path = Utils;
			sourceTree = "<group>";
		};
		D82BE58C19482BE70051CB09 /* Http */ = {
			isa = PBXGroup;
			children = (
				D82BE58D19482C460051CB09 /* JDOHttpClient.h */,
				D82BE58E19482C460051CB09 /* JDOHttpClient.m */,
				D82BE58F19482C460051CB09 /* JDOJsonClient.h */,
				D82BE59019482C460051CB09 /* JDOJsonClient.m */,
				D82BE59119482C460051CB09 /* JDOWebClient.h */,
				D82BE59219482C460051CB09 /* JDOWebClient.m */,
				D82BE59319482C460051CB09 /* JDOXmlClient.h */,
				D82BE59419482C460051CB09 /* JDOXmlClient.m */,
			);
			path = Http;
			sourceTree = "<group>";
		};
		D82CF4631941B55300022E33 /* Controllers */ = {
			isa = PBXGroup;
			children = (
				D82CF4601941B54200022E33 /* JDMainViewController.h */,
				D82CF4611941B54200022E33 /* JDMainViewController.m */,
				D82CF4641941BE5200022E33 /* JDUserViewController.h */,
				D82CF4651941BE5200022E33 /* JDUserViewController.m */,
				D84807A81945492A001573F9 /* JDHXLParentViewController.h */,
				D84807A91945492A001573F9 /* JDHXLParentViewController.m */,
				D80A7EE619455EA60008E7CF /* JDSettingsViewController.h */,
				D80A7EE719455EA60008E7CF /* JDSettingsViewController.m */,
				A712034A1946A9EB004CFC3D /* JDMenuController.h */,
				A712034B1946A9EB004CFC3D /* JDMenuController.m */,
				A79969F3194FE7CA003D7DE7 /* JDMenuItemView.h */,
				A79969F4194FE7CA003D7DE7 /* JDMenuItemView.m */,
				A758E67F19519B9000374F8F /* JDDishTypeView.h */,
				A758E68019519B9000374F8F /* JDDishTypeView.m */,
				A72636CA1959572100BD3E72 /* JDDishDetailView.h */,
				A72636CB1959572100BD3E72 /* JDDishDetailView.m */,
				D86D429D19591ABE00D32692 /* JDCurrentOrdersController.h */,
				D86D429E19591ABE00D32692 /* JDCurrentOrdersController.m */,
				D86D42A019591ADF00D32692 /* JDHistoryOrdersController.h */,
				D86D42A119591ADF00D32692 /* JDHistoryOrdersController.m */,
			);
			path = Controllers;
			sourceTree = "<group>";
		};
		D82CF4671941C17F00022E33 /* Resources */ = {
			isa = PBXGroup;
			children = (
				A72636CF1959731F00BD3E72 /* dish_detail_devider.png */,
				A72636CD19595F3500BD3E72 /* dish_detail_close_btn.png */,
				A7597EFF19542534006DB4BA /* dish_add1.png */,
				A7597F0019542534006DB4BA /* dish_edt_bg1.png */,
				A7597F0119542534006DB4BA /* dish_sub1.png */,
				D86D42991958FCD200D32692 /* user_image_default.png */,
				D86D429A1958FCD200D32692 /* user_image_default@2x.png */,
				D83BCA7219582E6200903AE7 /* user_info_bg.png */,
				D83BCA7319582E6200903AE7 /* user_info_bg@2x.png */,
				D83BCA7419582E6200903AE7 /* user_info_item_bg.png */,
				D83BCA7519582E6200903AE7 /* user_info_item_bg@2x.png */,
				A7228F0519512C31007AF87C /* dish_eat.png */,
				A7228F0619512C31007AF87C /* dish_like.png */,
				A7228F0119512AE0007AF87C /* dish_taste_bg.png */,
				A7228F0219512AE0007AF87C /* dish_tuijian.png */,
				A79969EF194FD8D1003D7DE7 /* dishtype_ordernumber_bg.png */,
				A79969F0194FD8D1003D7DE7 /* dishtype_ordernumber_bg2.png */,
				D8B120AA1952869000A631E1 /* divider_v.png */,
				D8B120AB1952869000A631E1 /* divider.png */,
				D82736B319503CFB009E3468 /* divider_v@2x.png */,
				D82736B419503CFB009E3468 /* divider@2x.png */,
				D82736B519503CFB009E3468 /* login_bg.png */,
				D82736B619503CFB009E3468 /* login_bg@2x.png */,
				D82736AF194FD8D5009E3468 /* indicator_1.png */,
				D82736B0194FD8D5009E3468 /* indicator_2.png */,
				D82736AB194FD395009E3468 /* count_bg.png */,
				D82736AC194FD395009E3468 /* count_bg@2x.png */,
				D8292D26194EE19700623611 /* indicator_1@2x.png */,
				D8292D27194EE19700623611 /* indicator_2@2x.png */,
				D8D418631949380100471D40 /* loading_bg.png */,
				D8D418641949380100471D40 /* loading_bg@2x.png */,
				D8D418651949380100471D40 /* notavilable_bg.png */,
				D8D418661949380100471D40 /* notavilable_bg@2x.png */,
				A744AEE91948424A00C092BB /* dishtype_item_bg.png */,
				A744AEE5194832E800C092BB /* menu_orderby_devider.png */,
				A744AEE6194832E800C092BB /* menu_orderby.png */,
				A71D28561948043200DE1B3F /* menu_submit_bg.png */,
				D82BE4ED1947DECF0051CB09 /* start_btn_bg_1.png */,
				D82BE4EE1947DECF0051CB09 /* start_btn_bg_1@2x.png */,
				D82BE4EF1947DECF0051CB09 /* start_btn_bg.png */,
				D82BE4F01947DECF0051CB09 /* start_btn_bg@2x.png */,
				D82A86D31945B5DC00C9C249 /* navigation_bg_44.png */,
				D82A86D41945B5DC00C9C249 /* navigation_bg_44@2x.png */,
				D80A7EE9194560B30008E7CF /* address_icon.png */,
				D80A7EEA194560B30008E7CF /* back_btn_bg.png */,
				D80A7EEB194560B30008E7CF /* back_btn_bg@2x.png */,
				D80A7EEC194560B30008E7CF /* main_title.png */,
				D80A7EED194560B30008E7CF /* navigation_bg.png */,
				D80A7EEE194560B30008E7CF /* people_bg.png */,
				D80A7EEF194560B30008E7CF /* setting_btn_bg.png */,
				D80A7EF0194560B30008E7CF /* telephone_icon.png */,
				D80A7EF1194560B30008E7CF /* user_btn_bg.png */,
				D80A7EE419455E4F0008E7CF /* main_title@2x.png */,
				D80A7ED819455C330008E7CF /* address_icon@2x.png */,
				D80A7EDA19455C330008E7CF /* people_bg@2x.png */,
				D80A7EDB19455C330008E7CF /* setting_btn_bg@2x.png */,
				D80A7EDC19455C330008E7CF /* telephone_icon@2x.png */,
				D80A7EDD19455C330008E7CF /* user_btn_bg@2x.png */,
				D80A7ED619455A820008E7CF /* navigation_bg@2x.png */,
				D80A7ED41945559A0008E7CF /* Default.png */,
				D80A7ECE1945552E0008E7CF /* icon-120@2x.png */,
				D80A7ECF1945552E0008E7CF /* icon.png */,
				D80A7ED01945552E0008E7CF /* icon@2x.png */,
				D80A7ECA194551240008E7CF /* Default-568h@2x.png */,
				D80A7ECB194551240008E7CF /* Default@2x.png */,
			);
			path = Resources;
			sourceTree = "<group>";
		};
/* End PBXGroup section */

/* Begin PBXNativeTarget section */
		2DBA44ED194146FB00F73B66 /* HXL */ = {
			isa = PBXNativeTarget;
			buildConfigurationList = 2DBA451A194146FC00F73B66 /* Build configuration list for PBXNativeTarget "HXL" */;
			buildPhases = (
				BA400D1F8EDD459A9D8586FB /* Check Pods Manifest.lock */,
				2DBA44EA194146FB00F73B66 /* Sources */,
				2DBA44EB194146FB00F73B66 /* Frameworks */,
				2DBA44EC194146FB00F73B66 /* Resources */,
				F0BCD87143394D5E8A3EF3E9 /* Copy Pods Resources */,
			);
			buildRules = (
			);
			dependencies = (
			);
			name = HXL;
			productName = HXL;
			productReference = 2DBA44EE194146FB00F73B66 /* HXL.app */;
			productType = "com.apple.product-type.application";
		};
		2DBA4508194146FB00F73B66 /* HXLTests */ = {
			isa = PBXNativeTarget;
			buildConfigurationList = 2DBA451D194146FC00F73B66 /* Build configuration list for PBXNativeTarget "HXLTests" */;
			buildPhases = (
				2DBA4505194146FB00F73B66 /* Sources */,
				2DBA4506194146FB00F73B66 /* Frameworks */,
				2DBA4507194146FB00F73B66 /* Resources */,
			);
			buildRules = (
			);
			dependencies = (
				2DBA450F194146FC00F73B66 /* PBXTargetDependency */,
			);
			name = HXLTests;
			productName = HXLTests;
			productReference = 2DBA4509194146FB00F73B66 /* HXLTests.xctest */;
			productType = "com.apple.product-type.bundle.unit-test";
		};
/* End PBXNativeTarget section */

/* Begin PBXProject section */
		2DBA44E6194146FA00F73B66 /* Project object */ = {
			isa = PBXProject;
			attributes = {
				CLASSPREFIX = JD;
				LastUpgradeCheck = 0510;
				ORGANIZATIONNAME = "胶东在线";
				TargetAttributes = {
					2DBA4508194146FB00F73B66 = {
						TestTargetID = 2DBA44ED194146FB00F73B66;
					};
				};
			};
			buildConfigurationList = 2DBA44E9194146FB00F73B66 /* Build configuration list for PBXProject "HXL" */;
			compatibilityVersion = "Xcode 3.2";
			developmentRegion = English;
			hasScannedForEncodings = 0;
			knownRegions = (
				en,
			);
			mainGroup = 2DBA44E5194146FA00F73B66;
			productRefGroup = 2DBA44EF194146FB00F73B66 /* Products */;
			projectDirPath = "";
			projectRoot = "";
			targets = (
				2DBA44ED194146FB00F73B66 /* HXL */,
				2DBA4508194146FB00F73B66 /* HXLTests */,
			);
		};
/* End PBXProject section */

/* Begin PBXResourcesBuildPhase section */
		2DBA44EC194146FB00F73B66 /* Resources */ = {
			isa = PBXResourcesBuildPhase;
			buildActionMask = 2147483647;
			files = (
				D80A7ED31945552E0008E7CF /* icon@2x.png in Resources */,
				D80A7EF2194560B30008E7CF /* address_icon.png in Resources */,
				A7597F0319542534006DB4BA /* dish_edt_bg1.png in Resources */,
				D86D429C1958FCD200D32692 /* user_image_default@2x.png in Resources */,
				D80A7EF9194560B30008E7CF /* telephone_icon.png in Resources */,
				D82BE4F21947DECF0051CB09 /* start_btn_bg_1@2x.png in Resources */,
				D82A86D51945B5DC00C9C249 /* navigation_bg_44.png in Resources */,
				A72636D01959731F00BD3E72 /* dish_detail_devider.png in Resources */,
				D80A7ECD194551240008E7CF /* Default@2x.png in Resources */,
				A72636CE19595F3500BD3E72 /* dish_detail_close_btn.png in Resources */,
				A7228F0819512C31007AF87C /* dish_like.png in Resources */,
				D80A7EE319455C330008E7CF /* user_btn_bg@2x.png in Resources */,
				D8D418691949380100471D40 /* notavilable_bg.png in Resources */,
				A7597F0219542534006DB4BA /* dish_add1.png in Resources */,
				D82736B919503CFB009E3468 /* login_bg.png in Resources */,
				D80A7EF6194560B30008E7CF /* navigation_bg.png in Resources */,
				D8D418671949380100471D40 /* loading_bg.png in Resources */,
				D83BCA7919582E6200903AE7 /* user_info_item_bg@2x.png in Resources */,
				D80A7EF7194560B30008E7CF /* people_bg.png in Resources */,
				D86D429B1958FCD200D32692 /* user_image_default.png in Resources */,
				D80A7EF3194560B30008E7CF /* back_btn_bg.png in Resources */,
				D80A7EE219455C330008E7CF /* telephone_icon@2x.png in Resources */,
				2DBA44FC194146FB00F73B66 /* InfoPlist.strings in Resources */,
				D82736B719503CFB009E3468 /* divider_v@2x.png in Resources */,
				D80A7ED51945559A0008E7CF /* Default.png in Resources */,
				A7228F0319512AE0007AF87C /* dish_taste_bg.png in Resources */,
				D8D4186A1949380100471D40 /* notavilable_bg@2x.png in Resources */,
				D82BE4F11947DECF0051CB09 /* start_btn_bg_1.png in Resources */,
				D80A7EDE19455C330008E7CF /* address_icon@2x.png in Resources */,
				D82736B1194FD8D5009E3468 /* indicator_1.png in Resources */,
				D8D418681949380100471D40 /* loading_bg@2x.png in Resources */,
				D82736AE194FD395009E3468 /* count_bg@2x.png in Resources */,
				D82736B819503CFB009E3468 /* divider@2x.png in Resources */,
				A7597F0419542534006DB4BA /* dish_sub1.png in Resources */,
				D8292D28194EE19700623611 /* indicator_1@2x.png in Resources */,
				A744AEE8194832E800C092BB /* menu_orderby.png in Resources */,
				D80A7EF4194560B30008E7CF /* back_btn_bg@2x.png in Resources */,
				D80A7EE019455C330008E7CF /* people_bg@2x.png in Resources */,
				D8B120AC1952869000A631E1 /* divider_v.png in Resources */,
				D80A7ED21945552E0008E7CF /* icon.png in Resources */,
				D82736BA19503CFB009E3468 /* login_bg@2x.png in Resources */,
				D80A7EF5194560B30008E7CF /* main_title.png in Resources */,
				2DBA4504194146FB00F73B66 /* Images.xcassets in Resources */,
				A744AEEA1948424A00C092BB /* dishtype_item_bg.png in Resources */,
				D80A7ED719455A820008E7CF /* navigation_bg@2x.png in Resources */,
				D80A7ECC194551240008E7CF /* Default-568h@2x.png in Resources */,
				A79969F2194FD8D1003D7DE7 /* dishtype_ordernumber_bg2.png in Resources */,
				D8292D29194EE19700623611 /* indicator_2@2x.png in Resources */,
				A7228F0719512C31007AF87C /* dish_eat.png in Resources */,
				D80A7ED11945552E0008E7CF /* icon-120@2x.png in Resources */,
				D82A86D61945B5DC00C9C249 /* navigation_bg_44@2x.png in Resources */,
				A7228F0419512AE0007AF87C /* dish_tuijian.png in Resources */,
				A744AEE7194832E800C092BB /* menu_orderby_devider.png in Resources */,
				D83BCA7619582E6200903AE7 /* user_info_bg.png in Resources */,
				A79969F1194FD8D1003D7DE7 /* dishtype_ordernumber_bg.png in Resources */,
				D80A7EFA194560B30008E7CF /* user_btn_bg.png in Resources */,
				D82BE4F41947DECF0051CB09 /* start_btn_bg@2x.png in Resources */,
				D83BCA7719582E6200903AE7 /* user_info_bg@2x.png in Resources */,
				D83BCA7819582E6200903AE7 /* user_info_item_bg.png in Resources */,
				D8B120AD1952869000A631E1 /* divider.png in Resources */,
				D82BE4F31947DECF0051CB09 /* start_btn_bg.png in Resources */,
				A71D28571948043200DE1B3F /* menu_submit_bg.png in Resources */,
				D80A7EE119455C330008E7CF /* setting_btn_bg@2x.png in Resources */,
				D80A7EF8194560B30008E7CF /* setting_btn_bg.png in Resources */,
				D82736AD194FD395009E3468 /* count_bg.png in Resources */,
				D80A7EE519455E4F0008E7CF /* main_title@2x.png in Resources */,
			);
			runOnlyForDeploymentPostprocessing = 0;
		};
		2DBA4507194146FB00F73B66 /* Resources */ = {
			isa = PBXResourcesBuildPhase;
			buildActionMask = 2147483647;
			files = (
				2DBA4515194146FC00F73B66 /* InfoPlist.strings in Resources */,
			);
			runOnlyForDeploymentPostprocessing = 0;
		};
/* End PBXResourcesBuildPhase section */

/* Begin PBXShellScriptBuildPhase section */
		BA400D1F8EDD459A9D8586FB /* Check Pods Manifest.lock */ = {
			isa = PBXShellScriptBuildPhase;
			buildActionMask = 2147483647;
			files = (
			);
			inputPaths = (
			);
			name = "Check Pods Manifest.lock";
			outputPaths = (
			);
			runOnlyForDeploymentPostprocessing = 0;
			shellPath = /bin/sh;
			shellScript = "diff \"${PODS_ROOT}/../Podfile.lock\" \"${PODS_ROOT}/Manifest.lock\" > /dev/null\nif [[ $? != 0 ]] ; then\n    cat << EOM\nerror: The sandbox is not in sync with the Podfile.lock. Run 'pod install' or update your CocoaPods installation.\nEOM\n    exit 1\nfi\n";
			showEnvVarsInLog = 0;
		};
		F0BCD87143394D5E8A3EF3E9 /* Copy Pods Resources */ = {
			isa = PBXShellScriptBuildPhase;
			buildActionMask = 2147483647;
			files = (
			);
			inputPaths = (
			);
			name = "Copy Pods Resources";
			outputPaths = (
			);
			runOnlyForDeploymentPostprocessing = 0;
			shellPath = /bin/sh;
			shellScript = "\"${SRCROOT}/Pods/Pods-resources.sh\"\n";
			showEnvVarsInLog = 0;
		};
/* End PBXShellScriptBuildPhase section */

/* Begin PBXSourcesBuildPhase section */
		2DBA44EA194146FB00F73B66 /* Sources */ = {
			isa = PBXSourcesBuildPhase;
			buildActionMask = 2147483647;
			files = (
				D82CF4621941B54200022E33 /* JDMainViewController.m in Sources */,
				D86D42A219591ADF00D32692 /* JDHistoryOrdersController.m in Sources */,
				D82CF4661941BE5200022E33 /* JDUserViewController.m in Sources */,
				D82BE59719482C460051CB09 /* JDOWebClient.m in Sources */,
				D84807AA1945492A001573F9 /* JDHXLParentViewController.m in Sources */,
				D83BCA7119580FF700903AE7 /* JDUserModel.m in Sources */,
				D811C83A194839A900788155 /* JDHotelModel.m in Sources */,
				D80A7EE819455EA60008E7CF /* JDSettingsViewController.m in Sources */,
				A712034C1946A9EB004CFC3D /* JDMenuController.m in Sources */,
				A76211301957C5AE0037C7E3 /* JDGestureRecognizer.m in Sources */,
				D82BE59819482C460051CB09 /* JDOXmlClient.m in Sources */,
				A79969F5194FE7CA003D7DE7 /* JDMenuItemView.m in Sources */,
				2DBA4502194146FB00F73B66 /* JDAppDelegate.m in Sources */,
				2DBA44FE194146FB00F73B66 /* main.m in Sources */,
				D8D41871194986BA00471D40 /* STKeychain.m in Sources */,
				A75BC753194AD6920052CD3E /* JDODataModel.m in Sources */,
				D82BE59519482C460051CB09 /* JDOHttpClient.m in Sources */,
				A75BC752194AD6920052CD3E /* JDOArrayModel.m in Sources */,
				A72636CC1959572100BD3E72 /* JDDishDetailView.m in Sources */,
				D86D429F19591ABE00D32692 /* JDCurrentOrdersController.m in Sources */,
				D82BE59619482C460051CB09 /* JDOJsonClient.m in Sources */,
				A71203491946954A004CFC3D /* JDDishModel.m in Sources */,
				D84DF96F19483E5D001B266E /* JDHXLModel.m in Sources */,
				A758E68119519B9000374F8F /* JDDishTypeView.m in Sources */,
				A75BC756194AD97C0052CD3E /* JDDishTypeModel.m in Sources */,
				D8D4186D1949829900471D40 /* JDHXLUtil.m in Sources */,
			);
			runOnlyForDeploymentPostprocessing = 0;
		};
		2DBA4505194146FB00F73B66 /* Sources */ = {
			isa = PBXSourcesBuildPhase;
			buildActionMask = 2147483647;
			files = (
				2DBA4517194146FC00F73B66 /* HXLTests.m in Sources */,
			);
			runOnlyForDeploymentPostprocessing = 0;
		};
/* End PBXSourcesBuildPhase section */

/* Begin PBXTargetDependency section */
		2DBA450F194146FC00F73B66 /* PBXTargetDependency */ = {
			isa = PBXTargetDependency;
			target = 2DBA44ED194146FB00F73B66 /* HXL */;
			targetProxy = 2DBA450E194146FC00F73B66 /* PBXContainerItemProxy */;
		};
/* End PBXTargetDependency section */

/* Begin PBXVariantGroup section */
		2DBA44FA194146FB00F73B66 /* InfoPlist.strings */ = {
			isa = PBXVariantGroup;
			children = (
				2DBA44FB194146FB00F73B66 /* en */,
			);
			name = InfoPlist.strings;
			sourceTree = "<group>";
		};
		2DBA4513194146FC00F73B66 /* InfoPlist.strings */ = {
			isa = PBXVariantGroup;
			children = (
				2DBA4514194146FC00F73B66 /* en */,
			);
			name = InfoPlist.strings;
			sourceTree = "<group>";
		};
/* End PBXVariantGroup section */

/* Begin XCBuildConfiguration section */
		2DBA4518194146FC00F73B66 /* Debug */ = {
			isa = XCBuildConfiguration;
			buildSettings = {
				ALWAYS_SEARCH_USER_PATHS = NO;
				CLANG_CXX_LANGUAGE_STANDARD = "gnu++0x";
				CLANG_CXX_LIBRARY = "libc++";
				CLANG_ENABLE_MODULES = YES;
				CLANG_ENABLE_OBJC_ARC = YES;
				CLANG_WARN_BOOL_CONVERSION = YES;
				CLANG_WARN_CONSTANT_CONVERSION = YES;
				CLANG_WARN_DIRECT_OBJC_ISA_USAGE = YES_ERROR;
				CLANG_WARN_EMPTY_BODY = YES;
				CLANG_WARN_ENUM_CONVERSION = YES;
				CLANG_WARN_INT_CONVERSION = YES;
				CLANG_WARN_OBJC_ROOT_CLASS = YES_ERROR;
				CLANG_WARN__DUPLICATE_METHOD_MATCH = YES;
				"CODE_SIGN_IDENTITY[sdk=iphoneos*]" = "iPhone Developer";
				COPY_PHASE_STRIP = NO;
				GCC_C_LANGUAGE_STANDARD = gnu99;
				GCC_DYNAMIC_NO_PIC = NO;
				GCC_OPTIMIZATION_LEVEL = 0;
				GCC_PREPROCESSOR_DEFINITIONS = (
					"DEBUG=1",
					"$(inherited)",
				);
				GCC_SYMBOLS_PRIVATE_EXTERN = NO;
				GCC_WARN_64_TO_32_BIT_CONVERSION = YES;
				GCC_WARN_ABOUT_RETURN_TYPE = YES_ERROR;
				GCC_WARN_UNDECLARED_SELECTOR = YES;
				GCC_WARN_UNINITIALIZED_AUTOS = YES_AGGRESSIVE;
				GCC_WARN_UNUSED_FUNCTION = YES;
				GCC_WARN_UNUSED_VARIABLE = YES;
				IPHONEOS_DEPLOYMENT_TARGET = 7.1;
				ONLY_ACTIVE_ARCH = YES;
				SDKROOT = iphoneos;
			};
			name = Debug;
		};
		2DBA4519194146FC00F73B66 /* Release */ = {
			isa = XCBuildConfiguration;
			buildSettings = {
				ALWAYS_SEARCH_USER_PATHS = NO;
				CLANG_CXX_LANGUAGE_STANDARD = "gnu++0x";
				CLANG_CXX_LIBRARY = "libc++";
				CLANG_ENABLE_MODULES = YES;
				CLANG_ENABLE_OBJC_ARC = YES;
				CLANG_WARN_BOOL_CONVERSION = YES;
				CLANG_WARN_CONSTANT_CONVERSION = YES;
				CLANG_WARN_DIRECT_OBJC_ISA_USAGE = YES_ERROR;
				CLANG_WARN_EMPTY_BODY = YES;
				CLANG_WARN_ENUM_CONVERSION = YES;
				CLANG_WARN_INT_CONVERSION = YES;
				CLANG_WARN_OBJC_ROOT_CLASS = YES_ERROR;
				CLANG_WARN__DUPLICATE_METHOD_MATCH = YES;
				"CODE_SIGN_IDENTITY[sdk=iphoneos*]" = "iPhone Developer";
				COPY_PHASE_STRIP = YES;
				ENABLE_NS_ASSERTIONS = NO;
				GCC_C_LANGUAGE_STANDARD = gnu99;
				GCC_WARN_64_TO_32_BIT_CONVERSION = YES;
				GCC_WARN_ABOUT_RETURN_TYPE = YES_ERROR;
				GCC_WARN_UNDECLARED_SELECTOR = YES;
				GCC_WARN_UNINITIALIZED_AUTOS = YES_AGGRESSIVE;
				GCC_WARN_UNUSED_FUNCTION = YES;
				GCC_WARN_UNUSED_VARIABLE = YES;
				IPHONEOS_DEPLOYMENT_TARGET = 7.1;
				SDKROOT = iphoneos;
				VALIDATE_PRODUCT = YES;
			};
			name = Release;
		};
		2DBA451B194146FC00F73B66 /* Debug */ = {
			isa = XCBuildConfiguration;
			baseConfigurationReference = D5F4334235FC4D7C88D04F50 /* Pods.xcconfig */;
			buildSettings = {
				GCC_PRECOMPILE_PREFIX_HEADER = YES;
				GCC_PREFIX_HEADER = "HXL/HXL-Prefix.pch";
				INFOPLIST_FILE = "HXL/HXL-Info.plist";
				IPHONEOS_DEPLOYMENT_TARGET = 5.0;
				PRODUCT_NAME = "$(TARGET_NAME)";
				WRAPPER_EXTENSION = app;
			};
			name = Debug;
		};
		2DBA451C194146FC00F73B66 /* Release */ = {
			isa = XCBuildConfiguration;
			baseConfigurationReference = D5F4334235FC4D7C88D04F50 /* Pods.xcconfig */;
			buildSettings = {
				GCC_PRECOMPILE_PREFIX_HEADER = YES;
				GCC_PREFIX_HEADER = "HXL/HXL-Prefix.pch";
				INFOPLIST_FILE = "HXL/HXL-Info.plist";
				IPHONEOS_DEPLOYMENT_TARGET = 5.0;
				PRODUCT_NAME = "$(TARGET_NAME)";
				WRAPPER_EXTENSION = app;
			};
			name = Release;
		};
		2DBA451E194146FC00F73B66 /* Debug */ = {
			isa = XCBuildConfiguration;
			buildSettings = {
				BUNDLE_LOADER = "$(BUILT_PRODUCTS_DIR)/HXL.app/HXL";
				FRAMEWORK_SEARCH_PATHS = (
					"$(SDKROOT)/Developer/Library/Frameworks",
					"$(inherited)",
					"$(DEVELOPER_FRAMEWORKS_DIR)",
				);
				GCC_PRECOMPILE_PREFIX_HEADER = YES;
				GCC_PREFIX_HEADER = "HXL/HXL-Prefix.pch";
				GCC_PREPROCESSOR_DEFINITIONS = (
					"DEBUG=1",
					"$(inherited)",
				);
				INFOPLIST_FILE = "HXLTests/HXLTests-Info.plist";
				PRODUCT_NAME = "$(TARGET_NAME)";
				TEST_HOST = "$(BUNDLE_LOADER)";
				WRAPPER_EXTENSION = xctest;
			};
			name = Debug;
		};
		2DBA451F194146FC00F73B66 /* Release */ = {
			isa = XCBuildConfiguration;
			buildSettings = {
				BUNDLE_LOADER = "$(BUILT_PRODUCTS_DIR)/HXL.app/HXL";
				FRAMEWORK_SEARCH_PATHS = (
					"$(SDKROOT)/Developer/Library/Frameworks",
					"$(inherited)",
					"$(DEVELOPER_FRAMEWORKS_DIR)",
				);
				GCC_PRECOMPILE_PREFIX_HEADER = YES;
				GCC_PREFIX_HEADER = "HXL/HXL-Prefix.pch";
				INFOPLIST_FILE = "HXLTests/HXLTests-Info.plist";
				PRODUCT_NAME = "$(TARGET_NAME)";
				TEST_HOST = "$(BUNDLE_LOADER)";
				WRAPPER_EXTENSION = xctest;
			};
			name = Release;
		};
/* End XCBuildConfiguration section */

/* Begin XCConfigurationList section */
		2DBA44E9194146FB00F73B66 /* Build configuration list for PBXProject "HXL" */ = {
			isa = XCConfigurationList;
			buildConfigurations = (
				2DBA4518194146FC00F73B66 /* Debug */,
				2DBA4519194146FC00F73B66 /* Release */,
			);
			defaultConfigurationIsVisible = 0;
			defaultConfigurationName = Release;
		};
		2DBA451A194146FC00F73B66 /* Build configuration list for PBXNativeTarget "HXL" */ = {
			isa = XCConfigurationList;
			buildConfigurations = (
				2DBA451B194146FC00F73B66 /* Debug */,
				2DBA451C194146FC00F73B66 /* Release */,
			);
			defaultConfigurationIsVisible = 0;
			defaultConfigurationName = Release;
		};
		2DBA451D194146FC00F73B66 /* Build configuration list for PBXNativeTarget "HXLTests" */ = {
			isa = XCConfigurationList;
			buildConfigurations = (
				2DBA451E194146FC00F73B66 /* Debug */,
				2DBA451F194146FC00F73B66 /* Release */,
			);
			defaultConfigurationIsVisible = 0;
			defaultConfigurationName = Release;
		};
/* End XCConfigurationList section */
	};
	rootObject = 2DBA44E6194146FA00F73B66 /* Project object */;
}
